// !$*UTF8*$!
{
	archiveVersion = 1;
	classes = {
	};
	objectVersion = 46;
	objects = {

/* Begin PBXBuildFile section */
		C011B9391B3199A000E3A641 /* AppDelegate.swift in Sources */ = {isa = PBXBuildFile; fileRef = C011B9381B3199A000E3A641 /* AppDelegate.swift */; };
		C011B93B1B3199A000E3A641 /* ViewController.swift in Sources */ = {isa = PBXBuildFile; fileRef = C011B93A1B3199A000E3A641 /* ViewController.swift */; };
		C011B93E1B3199A000E3A641 /* Main.storyboard in Resources */ = {isa = PBXBuildFile; fileRef = C011B93C1B3199A000E3A641 /* Main.storyboard */; };
		C011B9401B3199A000E3A641 /* Images.xcassets in Resources */ = {isa = PBXBuildFile; fileRef = C011B93F1B3199A000E3A641 /* Images.xcassets */; };
		C011B9431B3199A000E3A641 /* LaunchScreen.xib in Resources */ = {isa = PBXBuildFile; fileRef = C011B9411B3199A000E3A641 /* LaunchScreen.xib */; };
		C011B94F1B3199A000E3A641 /* MusicGameTests.swift in Sources */ = {isa = PBXBuildFile; fileRef = C011B94E1B3199A000E3A641 /* MusicGameTests.swift */; };
		C011B95B1B31A8BB00E3A641 /* Go.mp3 in Resources */ = {isa = PBXBuildFile; fileRef = C011B95A1B31A8BB00E3A641 /* Go.mp3 */; };
/* End PBXBuildFile section */

/* Begin PBXContainerItemProxy section */
		C011B9491B3199A000E3A641 /* PBXContainerItemProxy */ = {
			isa = PBXContainerItemProxy;
			containerPortal = C011B92B1B3199A000E3A641 /* Project object */;
			proxyType = 1;
			remoteGlobalIDString = C011B9321B3199A000E3A641;
			remoteInfo = MusicGame;
		};
/* End PBXContainerItemProxy section */

/* Begin PBXFileReference section */
		C011B9331B3199A000E3A641 /* MusicGame.app */ = {isa = PBXFileReference; explicitFileType = wrapper.application; includeInIndex = 0; path = MusicGame.app; sourceTree = BUILT_PRODUCTS_DIR; };
		C011B9371B3199A000E3A641 /* Info.plist */ = {isa = PBXFileReference; lastKnownFileType = text.plist.xml; path = Info.plist; sourceTree = "<group>"; };
		C011B9381B3199A000E3A641 /* AppDelegate.swift */ = {isa = PBXFileReference; lastKnownFileType = sourcecode.swift; path = AppDelegate.swift; sourceTree = "<group>"; };
		C011B93A1B3199A000E3A641 /* ViewController.swift */ = {isa = PBXFileReference; lastKnownFileType = sourcecode.swift; path = ViewController.swift; sourceTree = "<group>"; };
		C011B93D1B3199A000E3A641 /* Base */ = {isa = PBXFileReference; lastKnownFileType = file.storyboard; name = Base; path = Base.lproj/Main.storyboard; sourceTree = "<group>"; };
		C011B93F1B3199A000E3A641 /* Images.xcassets */ = {isa = PBXFileReference; lastKnownFileType = folder.assetcatalog; path = Images.xcassets; sourceTree = "<group>"; };
		C011B9421B3199A000E3A641 /* Base */ = {isa = PBXFileReference; lastKnownFileType = file.xib; name = Base; path = Base.lproj/LaunchScreen.xib; sourceTree = "<group>"; };
		C011B9481B3199A000E3A641 /* MusicGameTests.xctest */ = {isa = PBXFileReference; explicitFileType = wrapper.cfbundle; includeInIndex = 0; path = MusicGameTests.xctest; sourceTree = BUILT_PRODUCTS_DIR; };
		C011B94D1B3199A000E3A641 /* Info.plist */ = {isa = PBXFileReference; lastKnownFileType = text.plist.xml; path = Info.plist; sourceTree = "<group>"; };
		C011B94E1B3199A000E3A641 /* MusicGameTests.swift */ = {isa = PBXFileReference; lastKnownFileType = sourcecode.swift; path = MusicGameTests.swift; sourceTree = "<group>"; };
		C011B95A1B31A8BB00E3A641 /* Go.mp3 */ = {isa = PBXFileReference; lastKnownFileType = audio.mp3; path = Go.mp3; sourceTree = "<group>"; };
/* End PBXFileReference section */

/* Begin PBXFrameworksBuildPhase section */
		C011B9301B3199A000E3A641 /* Frameworks */ = {
			isa = PBXFrameworksBuildPhase;
			buildActionMask = 2147483647;
			files = (
			);
			runOnlyForDeploymentPostprocessing = 0;
		};
		C011B9451B3199A000E3A641 /* Frameworks */ = {
			isa = PBXFrameworksBuildPhase;
			buildActionMask = 2147483647;
			files = (
			);
			runOnlyForDeploymentPostprocessing = 0;
		};
/* End PBXFrameworksBuildPhase section */

/* Begin PBXGroup section */
		C011B92A1B3199A000E3A641 = {
			isa = PBXGroup;
			children = (
				C011B9351B3199A000E3A641 /* MusicGame */,
				C011B94B1B3199A000E3A641 /* MusicGameTests */,
				C011B9341B3199A000E3A641 /* Products */,
			);
			sourceTree = "<group>";
		};
		C011B9341B3199A000E3A641 /* Products */ = {
			isa = PBXGroup;
			children = (
				C011B9331B3199A000E3A641 /* MusicGame.app */,
				C011B9481B3199A000E3A641 /* MusicGameTests.xctest */,
			);
			name = Products;
			sourceTree = "<group>";
		};
		C011B9351B3199A000E3A641 /* MusicGame */ = {
			isa = PBXGroup;
			children = (
				C011B9381B3199A000E3A641 /* AppDelegate.swift */,
				C011B93A1B3199A000E3A641 /* ViewController.swift */,
				C011B95A1B31A8BB00E3A641 /* Go.mp3 */,
				C011B93C1B3199A000E3A641 /* Main.storyboard */,
				C011B93F1B3199A000E3A641 /* Images.xcassets */,
				C011B9411B3199A000E3A641 /* LaunchScreen.xib */,
				C011B9361B3199A000E3A641 /* Supporting Files */,
			);
			path = MusicGame;
			sourceTree = "<group>";
		};
		C011B9361B3199A000E3A641 /* Supporting Files */ = {
			isa = PBXGroup;
			children = (
				C011B9371B3199A000E3A641 /* Info.plist */,
			);
			name = "Supporting Files";
			sourceTree = "<group>";
		};
		C011B94B1B3199A000E3A641 /* MusicGameTests */ = {
			isa = PBXGroup;
			children = (
				C011B94E1B3199A000E3A641 /* MusicGameTests.swift */,
				C011B94C1B3199A000E3A641 /* Supporting Files */,
			);
			path = MusicGameTests;
			sourceTree = "<group>";
		};
		C011B94C1B3199A000E3A641 /* Supporting Files */ = {
			isa = PBXGroup;
			children = (
				C011B94D1B3199A000E3A641 /* Info.plist */,
			);
			name = "Supporting Files";
			sourceTree = "<group>";
		};
/* End PBXGroup section */

/* Begin PBXNativeTarget section */
		C011B9321B3199A000E3A641 /* MusicGame */ = {
			isa = PBXNativeTarget;
			buildConfigurationList = C011B9521B3199A000E3A641 /* Build configuration list for PBXNativeTarget "MusicGame" */;
			buildPhases = (
				C011B92F1B3199A000E3A641 /* Sources */,
				C011B9301B3199A000E3A641 /* Frameworks */,
				C011B9311B3199A000E3A641 /* Resources */,
			);
			buildRules = (
			);
			dependencies = (
			);
			name = MusicGame;
			productName = MusicGame;
			productReference = C011B9331B3199A000E3A641 /* MusicGame.app */;
			productType = "com.apple.product-type.application";
		};
		C011B9471B3199A000E3A641 /* MusicGameTests */ = {
			isa = PBXNativeTarget;
			buildConfigurationList = C011B9551B3199A000E3A641 /* Build configuration list for PBXNativeTarget "MusicGameTests" */;
			buildPhases = (
				C011B9441B3199A000E3A641 /* Sources */,
				C011B9451B3199A000E3A641 /* Frameworks */,
				C011B9461B3199A000E3A641 /* Resources */,
			);
			buildRules = (
			);
			dependencies = (
				C011B94A1B3199A000E3A641 /* PBXTargetDependency */,
			);
			name = MusicGameTests;
			productName = MusicGameTests;
			productReference = C011B9481B3199A000E3A641 /* MusicGameTests.xctest */;
			productType = "com.apple.product-type.bundle.unit-test";
		};
/* End PBXNativeTarget section */

/* Begin PBXProject section */
		C011B92B1B3199A000E3A641 /* Project object */ = {
			isa = PBXProject;
			attributes = {
				LastUpgradeCheck = 0630;
				ORGANIZATIONNAME = "矢吹祐真";
				TargetAttributes = {
					C011B9321B3199A000E3A641 = {
						CreatedOnToolsVersion = 6.3.1;
					};
					C011B9471B3199A000E3A641 = {
						CreatedOnToolsVersion = 6.3.1;
						TestTargetID = C011B9321B3199A000E3A641;
					};
				};
			};
			buildConfigurationList = C011B92E1B3199A000E3A641 /* Build configuration list for PBXProject "MusicGame" */;
			compatibilityVersion = "Xcode 3.2";
			developmentRegion = English;
			hasScannedForEncodings = 0;
			knownRegions = (
				en,
				Base,
			);
			mainGroup = C011B92A1B3199A000E3A641;
			productRefGroup = C011B9341B3199A000E3A641 /* Products */;
			projectDirPath = "";
			projectRoot = "";
			targets = (
				C011B9321B3199A000E3A641 /* MusicGame */,
				C011B9471B3199A000E3A641 /* MusicGameTests */,
			);
		};
/* End PBXProject section */

/* Begin PBXResourcesBuildPhase section */
		C011B9311B3199A000E3A641 /* Resources */ = {
			isa = PBXResourcesBuildPhase;
			buildActionMask = 2147483647;
			files = (
				C011B93E1B3199A000E3A641 /* Main.storyboard in Resources */,
				C011B9431B3199A000E3A641 /* LaunchScreen.xib in Resources */,
				C011B95B1B31A8BB00E3A641 /* Go.mp3 in Resources */,
				C011B9401B3199A000E3A641 /* Images.xcassets in Resources */,
			);
			runOnlyForDeploymentPostprocessing = 0;
		};
		C011B9461B3199A000E3A641 /* Resources */ = {
			isa = PBXResourcesBuildPhase;
			buildActionMask = 2147483647;
			files = (
			);
			runOnlyForDeploymentPostprocessing = 0;
		};
/* End PBXResourcesBuildPhase section */

/* Begin PBXSourcesBuildPhase section */
		C011B92F1B3199A000E3A641 /* Sources */ = {
			isa = PBXSourcesBuildPhase;
			buildActionMask = 2147483647;
			files = (
				C011B93B1B3199A000E3A641 /* ViewController.swift in Sources */,
				C011B9391B3199A000E3A641 /* AppDelegate.swift in Sources */,
			);
			runOnlyForDeploymentPostprocessing = 0;
		};
		C011B9441B3199A000E3A641 /* Sources */ = {
			isa = PBXSourcesBuildPhase;
			buildActionMask = 2147483647;
			files = (
				C011B94F1B3199A000E3A641 /* MusicGameTests.swift in Sources */,
			);
			runOnlyForDeploymentPostprocessing = 0;
		};
/* End PBXSourcesBuildPhase section */

/* Begin PBXTargetDependency section */
		C011B94A1B3199A000E3A641 /* PBXTargetDependency */ = {
			isa = PBXTargetDependency;
			target = C011B9321B3199A000E3A641 /* MusicGame */;
			targetProxy = C011B9491B3199A000E3A641 /* PBXContainerItemProxy */;
		};
/* End PBXTargetDependency section */

/* Begin PBXVariantGroup section */
		C011B93C1B3199A000E3A641 /* Main.storyboard */ = {
			isa = PBXVariantGroup;
			children = (
				C011B93D1B3199A000E3A641 /* Base */,
			);
			name = Main.storyboard;
			sourceTree = "<group>";
		};
		C011B9411B3199A000E3A641 /* LaunchScreen.xib */ = {
			isa = PBXVariantGroup;
			children = (
				C011B9421B3199A000E3A641 /* Base */,
			);
			name = LaunchScreen.xib;
			sourceTree = "<group>";
		};
/* End PBXVariantGroup section */

/* Begin XCBuildConfiguration section */
		C011B9501B3199A000E3A641 /* Debug */ = {
			isa = XCBuildConfiguration;
			buildSettings = {
				ALWAYS_SEARCH_USER_PATHS = NO;
				CLANG_CXX_LANGUAGE_STANDARD = "gnu++0x";
				CLANG_CXX_LIBRARY = "libc++";
				CLANG_ENABLE_MODULES = YES;
				CLANG_ENABLE_OBJC_ARC = YES;
				CLANG_WARN_BOOL_CONVERSION = YES;
				CLANG_WARN_CONSTANT_CONVERSION = YES;
				CLANG_WARN_DIRECT_OBJC_ISA_USAGE = YES_ERROR;
				CLANG_WARN_EMPTY_BODY = YES;
				CLANG_WARN_ENUM_CONVERSION = YES;
				CLANG_WARN_INT_CONVERSION = YES;
				CLANG_WARN_OBJC_ROOT_CLASS = YES_ERROR;
				CLANG_WARN_UNREACHABLE_CODE = YES;
				CLANG_WARN__DUPLICATE_METHOD_MATCH = YES;
				"CODE_SIGN_IDENTITY[sdk=iphoneos*]" = "iPhone Developer";
				COPY_PHASE_STRIP = NO;
				DEBUG_INFORMATION_FORMAT = "dwarf-with-dsym";
				ENABLE_STRICT_OBJC_MSGSEND = YES;
				GCC_C_LANGUAGE_STANDARD = gnu99;
				GCC_DYNAMIC_NO_PIC = NO;
				GCC_NO_COMMON_BLOCKS = YES;
				GCC_OPTIMIZATION_LEVEL = 0;
				GCC_PREPROCESSOR_DEFINITIONS = (
					"DEBUG=1",
					"$(inherited)",
				);
				GCC_SYMBOLS_PRIVATE_EXTERN = NO;
				GCC_WARN_64_TO_32_BIT_CONVERSION = YES;
				GCC_WARN_ABOUT_RETURN_TYPE = YES_ERROR;
				GCC_WARN_UNDECLARED_SELECTOR = YES;
				GCC_WARN_UNINITIALIZED_AUTOS = YES_AGGRESSIVE;
				GCC_WARN_UNUSED_FUNCTION = YES;
				GCC_WARN_UNUSED_VARIABLE = YES;
				IPHONEOS_DEPLOYMENT_TARGET = 8.3;
				MTL_ENABLE_DEBUG_INFO = YES;
				ONLY_ACTIVE_ARCH = YES;
				SDKROOT = iphoneos;
				SWIFT_OPTIMIZATION_LEVEL = "-Onone";
			};
			name = Debug;
		};
		C011B9511B3199A000E3A641 /* Release */ = {
			isa = XCBuildConfiguration;
			buildSettings = {
				ALWAYS_SEARCH_USER_PATHS = NO;
				CLANG_CXX_LANGUAGE_STANDARD = "gnu++0x";
				CLANG_CXX_LIBRARY = "libc++";
				CLANG_ENABLE_MODULES = YES;
				CLANG_ENABLE_OBJC_ARC = YES;
				CLANG_WARN_BOOL_CONVERSION = YES;
				CLANG_WARN_CONSTANT_CONVERSION = YES;
				CLANG_WARN_DIRECT_OBJC_ISA_USAGE = YES_ERROR;
				CLANG_WARN_EMPTY_BODY = YES;
				CLANG_WARN_ENUM_CONVERSION = YES;
				CLANG_WARN_INT_CONVERSION = YES;
				CLANG_WARN_OBJC_ROOT_CLASS = YES_ERROR;
				CLANG_WARN_UNREACHABLE_CODE = YES;
				CLANG_WARN__DUPLICATE_METHOD_MATCH = YES;
				"CODE_SIGN_IDENTITY[sdk=iphoneos*]" = "iPhone Developer";
				COPY_PHASE_STRIP = NO;
				DEBUG_INFORMATION_FORMAT = "dwarf-with-dsym";
				ENABLE_NS_ASSERTIONS = NO;
				ENABLE_STRICT_OBJC_MSGSEND = YES;
				GCC_C_LANGUAGE_STANDARD = gnu99;
				GCC_NO_COMMON_BLOCKS = YES;
				GCC_WARN_64_TO_32_BIT_CONVERSION = YES;
				GCC_WARN_ABOUT_RETURN_TYPE = YES_ERROR;
				GCC_WARN_UNDECLARED_SELECTOR = YES;
				GCC_WARN_UNINITIALIZED_AUTOS = YES_AGGRESSIVE;
				GCC_WARN_UNUSED_FUNCTION = YES;
				GCC_WARN_UNUSED_VARIABLE = YES;
				IPHONEOS_DEPLOYMENT_TARGET = 8.3;
				MTL_ENABLE_DEBUG_INFO = NO;
				SDKROOT = iphoneos;
				VALIDATE_PRODUCT = YES;
			};
			name = Release;
		};
		C011B9531B3199A000E3A641 /* Debug */ = {
			isa = XCBuildConfiguration;
			buildSettings = {
				ASSETCATALOG_COMPILER_APPICON_NAME = AppIcon;
				INFOPLIST_FILE = MusicGame/Info.plist;
				LD_RUNPATH_SEARCH_PATHS = "$(inherited) @executable_path/Frameworks";
				PRODUCT_NAME = "$(TARGET_NAME)";
			};
			name = Debug;
		};
		C011B9541B3199A000E3A641 /* Release */ = {
			isa = XCBuildConfiguration;
			buildSettings = {
				ASSETCATALOG_COMPILER_APPICON_NAME = AppIcon;
				INFOPLIST_FILE = MusicGame/Info.plist;
				LD_RUNPATH_SEARCH_PATHS = "$(inherited) @executable_path/Frameworks";
				PRODUCT_NAME = "$(TARGET_NAME)";
			};
			name = Release;
		};
		C011B9561B3199A000E3A641 /* Debug */ = {
			isa = XCBuildConfiguration;
			buildSettings = {
				BUNDLE_LOADER = "$(TEST_HOST)";
				FRAMEWORK_SEARCH_PATHS = (
					"$(SDKROOT)/Developer/Library/Frameworks",
					"$(inherited)",
				);
				GCC_PREPROCESSOR_DEFINITIONS = (
					"DEBUG=1",
					"$(inherited)",
				);
				INFOPLIST_FILE = MusicGameTests/Info.plist;
				LD_RUNPATH_SEARCH_PATHS = "$(inherited) @executable_path/Frameworks @loader_path/Frameworks";
				PRODUCT_NAME = "$(TARGET_NAME)";
				TEST_HOST = "$(BUILT_PRODUCTS_DIR)/MusicGame.app/MusicGame";
			};
			name = Debug;
		};
		C011B9571B3199A000E3A641 /* Release */ = {
			isa = XCBuildConfiguration;
			buildSettings = {
				BUNDLE_LOADER = "$(TEST_HOST)";
				FRAMEWORK_SEARCH_PATHS = (
					"$(SDKROOT)/Developer/Library/Frameworks",
					"$(inherited)",
				);
				INFOPLIST_FILE = MusicGameTests/Info.plist;
				LD_RUNPATH_SEARCH_PATHS = "$(inherited) @executable_path/Frameworks @loader_path/Frameworks";
				PRODUCT_NAME = "$(TARGET_NAME)";
				TEST_HOST = "$(BUILT_PRODUCTS_DIR)/MusicGame.app/MusicGame";
			};
			name = Release;
		};
/* End XCBuildConfiguration section */

/* Begin XCConfigurationList section */
		C011B92E1B3199A000E3A641 /* Build configuration list for PBXProject "MusicGame" */ = {
			isa = XCConfigurationList;
			buildConfigurations = (
				C011B9501B3199A000E3A641 /* Debug */,
				C011B9511B3199A000E3A641 /* Release */,
			);
			defaultConfigurationIsVisible = 0;
			defaultConfigurationName = Release;
		};
		C011B9521B3199A000E3A641 /* Build configuration list for PBXNativeTarget "MusicGame" */ = {
			isa = XCConfigurationList;
			buildConfigurations = (
				C011B9531B3199A000E3A641 /* Debug */,
				C011B9541B3199A000E3A641 /* Release */,
			);
			defaultConfigurationIsVisible = 0;
		};
		C011B9551B3199A000E3A641 /* Build configuration list for PBXNativeTarget "MusicGameTests" */ = {
			isa = XCConfigurationList;
			buildConfigurations = (
				C011B9561B3199A000E3A641 /* Debug */,
				C011B9571B3199A000E3A641 /* Release */,
			);
			defaultConfigurationIsVisible = 0;
		};
/* End XCConfigurationList section */
	};
	rootObject = C011B92B1B3199A000E3A641 /* Project object */;
}
